
Microsoft Visual Studio Solution File, Format Version 12.00
# Visual Studio Version 17
VisualStudioVersion = 17.0.31912.275
MinimumVisualStudioVersion = 10.0.40219.1
Project("{9A19103F-16F7-4668-BE54-9A1E7A4F7556}") = "DGP.Genshin", "DGP.Genshin\DGP.Genshin.csproj", "{E4FAC04F-49B9-42AA-B31E-6C7A0DBEB1FD}"
EndProject
Project("{9A19103F-16F7-4668-BE54-9A1E7A4F7556}") = "DGP.Genshin.Updater", "DGP.Genshin.Updater\DGP.Genshin.Updater.csproj", "{75CA6B97-2045-4CCD-8DF1-8865BC6C7ECA}"
EndProject
Project("{2150E333-8FDC-42A3-9474-1A3956D46DE8}") = "Solution Items", "Solution Items", "{9D0C80BF-87C8-42BF-8F09-BB652DDB4ABF}"
	ProjectSection(SolutionItems) = preProject
		.editorconfig = .editorconfig
	EndProjectSection
EndProject
Project("{9A19103F-16F7-4668-BE54-9A1E7A4F7556}") = "DGP.Genshin.MiHoYoAPI", "DGP.Genshin.MiHoYoAPI\DGP.Genshin.MiHoYoAPI.csproj", "{C0D8D525-7664-4075-A17A-346DBE114008}"
EndProject
Project("{2150E333-8FDC-42A3-9474-1A3956D46DE8}") = "Plugins", "Plugins", "{402B9B12-B187-47C3-9726-34B4931E77D7}"
EndProject
Project("{9A19103F-16F7-4668-BE54-9A1E7A4F7556}") = "DGP.Genshin.Sample.Plugin", "Plugins\DGP.Genshin.Sample.Plugin\DGP.Genshin.Sample.Plugin.csproj", "{3E2783D3-2802-4051-A711-A6593AF2AAD3}"
EndProject
Project("{9A19103F-16F7-4668-BE54-9A1E7A4F7556}") = "DGP.Genshin.FPSUnlocking", "DGP.Genshin.FPSUnlocking\DGP.Genshin.FPSUnlocking.csproj", "{EFCF358C-AD56-4411-B0ED-81F0E612CCAB}"
EndProject
Project("{2150E333-8FDC-42A3-9474-1A3956D46DE8}") = "Common", "Common", "{53FDC0C8-F43F-4957-89B7-D9D35D335936}"
EndProject
Project("{9A19103F-16F7-4668-BE54-9A1E7A4F7556}") = "Snap.Core.DependencyInjection", "Common\Snap.Core.DependencyInjection\Snap.Core.DependencyInjection.csproj", "{AD9E2A98-41C6-4AF3-B4F5-298405D88EA8}"
EndProject
Project("{9A19103F-16F7-4668-BE54-9A1E7A4F7556}") = "Snap.Core.Logging", "Common\Snap.Core.Logging\Snap.Core.Logging.csproj", "{F6C0113D-0574-4FC5-BA03-E27A77B289BA}"
EndProject
Project("{9A19103F-16F7-4668-BE54-9A1E7A4F7556}") = "Snap.Threading", "Common\Snap.Threading\Snap.Threading.csproj", "{CC6B0055-C84C-425A-A351-15599429FAF3}"
EndProject
Project("{9A19103F-16F7-4668-BE54-9A1E7A4F7556}") = "Snap.Net.QueryString", "Common\Snap.Net.QueryString\Snap.Net.QueryString.csproj", "{A0CF8B25-EB2E-4EEC-96FD-7BD914CD496A}"
EndProject
Project("{9A19103F-16F7-4668-BE54-9A1E7A4F7556}") = "Snap.Net.Afdian", "Common\Snap.Net.Afdian\Snap.Net.Afdian.csproj", "{C9544B3C-5A30-450E-A018-CD5A68E0C2A4}"
EndProject
Project("{9A19103F-16F7-4668-BE54-9A1E7A4F7556}") = "Snap.Net.Download", "Common\Snap.Net.Download\Snap.Net.Download.csproj", "{29141874-CBF6-446E-B62D-C7908D4E8275}"
EndProject
Project("{9A19103F-16F7-4668-BE54-9A1E7A4F7556}") = "Snap.Net.Networking", "Common\Snap.Net.Networking\Snap.Net.Networking.csproj", "{6BBDAE51-D93F-41B9-B08E-13C6241BA0C3}"
EndProject
Project("{9A19103F-16F7-4668-BE54-9A1E7A4F7556}") = "Snap.Win32", "Common\Snap.Win32\Snap.Win32.csproj", "{7B1DF90B-D9C4-4FF5-A965-BA23FF31E24E}"
EndProject
Project("{9A19103F-16F7-4668-BE54-9A1E7A4F7556}") = "Snap.Data.Primitive", "Common\Snap.Data.Primitive\Snap.Data.Primitive.csproj", "{A698B070-727B-4154-8706-32B2F45E0FF9}"
EndProject
Project("{9A19103F-16F7-4668-BE54-9A1E7A4F7556}") = "Snap.Data.Utility", "Common\Snap.Data.Utility\Snap.Data.Utility.csproj", "{88A37011-DD09-4AE7-81E4-A6066E00A0C3}"
EndProject
Project("{9A19103F-16F7-4668-BE54-9A1E7A4F7556}") = "Snap.Data.Json", "Common\Snap.Data.Json\Snap.Data.Json.csproj", "{D09A8D83-7406-4328-9953-BBCF0E5FFDA1}"
EndProject
Project("{9A19103F-16F7-4668-BE54-9A1E7A4F7556}") = "Snap.Extension.Enumerable", "Common\Snap.Extension.Enumerable\Snap.Extension.Enumerable.csproj", "{B2759794-FDCD-4F6B-A24A-D2A35203EBD3}"
EndProject
Project("{9A19103F-16F7-4668-BE54-9A1E7A4F7556}") = "Snap.Core.Mvvm", "Common\Snap.Core.Mvvm\Snap.Core.Mvvm.csproj", "{2F74CAAE-49E3-4EEF-9BAD-C6B087AC3545}"
EndProject
Project("{9A19103F-16F7-4668-BE54-9A1E7A4F7556}") = "DGP.Genshin.HutaoAPI", "DGP.Genshin.HutaoAPI\DGP.Genshin.HutaoAPI.csproj", "{E9551BCB-5788-4755-8901-CD579A524A4D}"
EndProject
Project("{9A19103F-16F7-4668-BE54-9A1E7A4F7556}") = "Snap.Reflection", "Common\Snap.Reflection\Snap.Reflection.csproj", "{A4020CA1-B975-437F-84A3-6FF46C195D4F}"
EndProject
Project("{9A19103F-16F7-4668-BE54-9A1E7A4F7556}") = "DGP.Genshin.SourceGeneration", "DGP.Genshin.SourceGeneration\DGP.Genshin.SourceGeneration.csproj", "{01BDA7DA-4F55-4C68-B65B-A8753E1616E8}"
EndProject
Project("{9A19103F-16F7-4668-BE54-9A1E7A4F7556}") = "DGP.Genshin.Skin.Pink", "Plugins\DGP.Genshin.Skin.Pink\DGP.Genshin.Skin.Pink.csproj", "{C3D504F3-9ED5-408C-BDE6-E7BF472F8A95}"
EndProject
Project("{9A19103F-16F7-4668-BE54-9A1E7A4F7556}") = "DGP.Genshin.EnkaAPI", "DGP.Genshin.EnkaAPI\DGP.Genshin.EnkaAPI.csproj", "{FE2D76CB-1272-4BE2-AE15-31543CF7A958}"
EndProject
Project("{9A19103F-16F7-4668-BE54-9A1E7A4F7556}") = "DGP.Genshin.DiscordPresence.Plugin", "Plugins\DGP.Genshin.DiscordPresence.Plugin\DGP.Genshin.DiscordPresence.Plugin.csproj", "{44C84F23-37E3-4321-A45E-9FF8948F7FC8}"
EndProject
Project("{FAE04EC0-301F-11D3-BF4B-00C04F79EFBC}") = "DGP.Genshin.Skin.Purple", "Plugins\DGP.Genshin.Skin.Purple\DGP.Genshin.Skin.Purple.csproj", "{C742074C-8D31-4507-AE4F-9161C3834F4C}"
EndProject
Global
	GlobalSection(SolutionConfigurationPlatforms) = preSolution
		Debug|Any CPU = Debug|Any CPU
		Debug|x64 = Debug|x64
		Release|Any CPU = Release|Any CPU
		Release|x64 = Release|x64
	EndGlobalSection
	GlobalSection(ProjectConfigurationPlatforms) = postSolution
		{E4FAC04F-49B9-42AA-B31E-6C7A0DBEB1FD}.Debug|Any CPU.ActiveCfg = Debug|Any CPU
		{E4FAC04F-49B9-42AA-B31E-6C7A0DBEB1FD}.Debug|Any CPU.Build.0 = Debug|Any CPU
		{E4FAC04F-49B9-42AA-B31E-6C7A0DBEB1FD}.Debug|x64.ActiveCfg = Debug|x64
		{E4FAC04F-49B9-42AA-B31E-6C7A0DBEB1FD}.Debug|x64.Build.0 = Debug|x64
		{E4FAC04F-49B9-42AA-B31E-6C7A0DBEB1FD}.Release|Any CPU.ActiveCfg = Release|Any CPU
		{E4FAC04F-49B9-42AA-B31E-6C7A0DBEB1FD}.Release|Any CPU.Build.0 = Release|Any CPU
		{E4FAC04F-49B9-42AA-B31E-6C7A0DBEB1FD}.Release|x64.ActiveCfg = Release|x64
		{E4FAC04F-49B9-42AA-B31E-6C7A0DBEB1FD}.Release|x64.Build.0 = Release|x64
		{75CA6B97-2045-4CCD-8DF1-8865BC6C7ECA}.Debug|Any CPU.ActiveCfg = Debug|Any CPU
		{75CA6B97-2045-4CCD-8DF1-8865BC6C7ECA}.Debug|Any CPU.Build.0 = Debug|Any CPU
		{75CA6B97-2045-4CCD-8DF1-8865BC6C7ECA}.Debug|x64.ActiveCfg = Debug|x64
		{75CA6B97-2045-4CCD-8DF1-8865BC6C7ECA}.Debug|x64.Build.0 = Debug|x64
		{75CA6B97-2045-4CCD-8DF1-8865BC6C7ECA}.Release|Any CPU.ActiveCfg = Release|Any CPU
		{75CA6B97-2045-4CCD-8DF1-8865BC6C7ECA}.Release|Any CPU.Build.0 = Release|Any CPU
		{75CA6B97-2045-4CCD-8DF1-8865BC6C7ECA}.Release|x64.ActiveCfg = Release|x64
		{75CA6B97-2045-4CCD-8DF1-8865BC6C7ECA}.Release|x64.Build.0 = Release|x64
		{C0D8D525-7664-4075-A17A-346DBE114008}.Debug|Any CPU.ActiveCfg = Debug|Any CPU
		{C0D8D525-7664-4075-A17A-346DBE114008}.Debug|Any CPU.Build.0 = Debug|Any CPU
		{C0D8D525-7664-4075-A17A-346DBE114008}.Debug|x64.ActiveCfg = Debug|x64
		{C0D8D525-7664-4075-A17A-346DBE114008}.Debug|x64.Build.0 = Debug|x64
		{C0D8D525-7664-4075-A17A-346DBE114008}.Release|Any CPU.ActiveCfg = Release|Any CPU
		{C0D8D525-7664-4075-A17A-346DBE114008}.Release|Any CPU.Build.0 = Release|Any CPU
		{C0D8D525-7664-4075-A17A-346DBE114008}.Release|x64.ActiveCfg = Release|x64
		{C0D8D525-7664-4075-A17A-346DBE114008}.Release|x64.Build.0 = Release|x64
		{3E2783D3-2802-4051-A711-A6593AF2AAD3}.Debug|Any CPU.ActiveCfg = Debug|Any CPU
		{3E2783D3-2802-4051-A711-A6593AF2AAD3}.Debug|Any CPU.Build.0 = Debug|Any CPU
		{3E2783D3-2802-4051-A711-A6593AF2AAD3}.Debug|x64.ActiveCfg = Debug|Any CPU
		{3E2783D3-2802-4051-A711-A6593AF2AAD3}.Debug|x64.Build.0 = Debug|Any CPU
		{3E2783D3-2802-4051-A711-A6593AF2AAD3}.Release|Any CPU.ActiveCfg = Release|Any CPU
		{3E2783D3-2802-4051-A711-A6593AF2AAD3}.Release|Any CPU.Build.0 = Release|Any CPU
		{3E2783D3-2802-4051-A711-A6593AF2AAD3}.Release|x64.ActiveCfg = Release|x64
		{3E2783D3-2802-4051-A711-A6593AF2AAD3}.Release|x64.Build.0 = Release|x64
		{EFCF358C-AD56-4411-B0ED-81F0E612CCAB}.Debug|Any CPU.ActiveCfg = Debug|Any CPU
		{EFCF358C-AD56-4411-B0ED-81F0E612CCAB}.Debug|Any CPU.Build.0 = Debug|Any CPU
		{EFCF358C-AD56-4411-B0ED-81F0E612CCAB}.Debug|x64.ActiveCfg = Debug|x64
		{EFCF358C-AD56-4411-B0ED-81F0E612CCAB}.Debug|x64.Build.0 = Debug|x64
		{EFCF358C-AD56-4411-B0ED-81F0E612CCAB}.Release|Any CPU.ActiveCfg = Release|Any CPU
		{EFCF358C-AD56-4411-B0ED-81F0E612CCAB}.Release|Any CPU.Build.0 = Release|Any CPU
		{EFCF358C-AD56-4411-B0ED-81F0E612CCAB}.Release|x64.ActiveCfg = Release|x64
		{EFCF358C-AD56-4411-B0ED-81F0E612CCAB}.Release|x64.Build.0 = Release|x64
		{AD9E2A98-41C6-4AF3-B4F5-298405D88EA8}.Debug|Any CPU.ActiveCfg = Debug|Any CPU
		{AD9E2A98-41C6-4AF3-B4F5-298405D88EA8}.Debug|Any CPU.Build.0 = Debug|Any CPU
		{AD9E2A98-41C6-4AF3-B4F5-298405D88EA8}.Debug|x64.ActiveCfg = Debug|Any CPU
		{AD9E2A98-41C6-4AF3-B4F5-298405D88EA8}.Debug|x64.Build.0 = Debug|Any CPU
		{AD9E2A98-41C6-4AF3-B4F5-298405D88EA8}.Release|Any CPU.ActiveCfg = Release|Any CPU
		{AD9E2A98-41C6-4AF3-B4F5-298405D88EA8}.Release|Any CPU.Build.0 = Release|Any CPU
		{AD9E2A98-41C6-4AF3-B4F5-298405D88EA8}.Release|x64.ActiveCfg = Release|Any CPU
		{AD9E2A98-41C6-4AF3-B4F5-298405D88EA8}.Release|x64.Build.0 = Release|Any CPU
		{F6C0113D-0574-4FC5-BA03-E27A77B289BA}.Debug|Any CPU.ActiveCfg = Debug|Any CPU
		{F6C0113D-0574-4FC5-BA03-E27A77B289BA}.Debug|Any CPU.Build.0 = Debug|Any CPU
		{F6C0113D-0574-4FC5-BA03-E27A77B289BA}.Debug|x64.ActiveCfg = Debug|Any CPU
		{F6C0113D-0574-4FC5-BA03-E27A77B289BA}.Debug|x64.Build.0 = Debug|Any CPU
		{F6C0113D-0574-4FC5-BA03-E27A77B289BA}.Release|Any CPU.ActiveCfg = Release|Any CPU
		{F6C0113D-0574-4FC5-BA03-E27A77B289BA}.Release|Any CPU.Build.0 = Release|Any CPU
		{F6C0113D-0574-4FC5-BA03-E27A77B289BA}.Release|x64.ActiveCfg = Release|Any CPU
		{F6C0113D-0574-4FC5-BA03-E27A77B289BA}.Release|x64.Build.0 = Release|Any CPU
		{CC6B0055-C84C-425A-A351-15599429FAF3}.Debug|Any CPU.ActiveCfg = Debug|Any CPU
		{CC6B0055-C84C-425A-A351-15599429FAF3}.Debug|Any CPU.Build.0 = Debug|Any CPU
		{CC6B0055-C84C-425A-A351-15599429FAF3}.Debug|x64.ActiveCfg = Debug|Any CPU
		{CC6B0055-C84C-425A-A351-15599429FAF3}.Debug|x64.Build.0 = Debug|Any CPU
		{CC6B0055-C84C-425A-A351-15599429FAF3}.Release|Any CPU.ActiveCfg = Release|Any CPU
		{CC6B0055-C84C-425A-A351-15599429FAF3}.Release|Any CPU.Build.0 = Release|Any CPU
		{CC6B0055-C84C-425A-A351-15599429FAF3}.Release|x64.ActiveCfg = Release|Any CPU
		{CC6B0055-C84C-425A-A351-15599429FAF3}.Release|x64.Build.0 = Release|Any CPU
		{A0CF8B25-EB2E-4EEC-96FD-7BD914CD496A}.Debug|Any CPU.ActiveCfg = Debug|Any CPU
		{A0CF8B25-EB2E-4EEC-96FD-7BD914CD496A}.Debug|Any CPU.Build.0 = Debug|Any CPU
		{A0CF8B25-EB2E-4EEC-96FD-7BD914CD496A}.Debug|x64.ActiveCfg = Debug|Any CPU
		{A0CF8B25-EB2E-4EEC-96FD-7BD914CD496A}.Debug|x64.Build.0 = Debug|Any CPU
		{A0CF8B25-EB2E-4EEC-96FD-7BD914CD496A}.Release|Any CPU.ActiveCfg = Release|Any CPU
		{A0CF8B25-EB2E-4EEC-96FD-7BD914CD496A}.Release|Any CPU.Build.0 = Release|Any CPU
		{A0CF8B25-EB2E-4EEC-96FD-7BD914CD496A}.Release|x64.ActiveCfg = Release|Any CPU
		{A0CF8B25-EB2E-4EEC-96FD-7BD914CD496A}.Release|x64.Build.0 = Release|Any CPU
		{C9544B3C-5A30-450E-A018-CD5A68E0C2A4}.Debug|Any CPU.ActiveCfg = Debug|Any CPU
		{C9544B3C-5A30-450E-A018-CD5A68E0C2A4}.Debug|Any CPU.Build.0 = Debug|Any CPU
		{C9544B3C-5A30-450E-A018-CD5A68E0C2A4}.Debug|x64.ActiveCfg = Debug|Any CPU
		{C9544B3C-5A30-450E-A018-CD5A68E0C2A4}.Debug|x64.Build.0 = Debug|Any CPU
		{C9544B3C-5A30-450E-A018-CD5A68E0C2A4}.Release|Any CPU.ActiveCfg = Release|Any CPU
		{C9544B3C-5A30-450E-A018-CD5A68E0C2A4}.Release|Any CPU.Build.0 = Release|Any CPU
		{C9544B3C-5A30-450E-A018-CD5A68E0C2A4}.Release|x64.ActiveCfg = Release|Any CPU
		{C9544B3C-5A30-450E-A018-CD5A68E0C2A4}.Release|x64.Build.0 = Release|Any CPU
		{29141874-CBF6-446E-B62D-C7908D4E8275}.Debug|Any CPU.ActiveCfg = Debug|Any CPU
		{29141874-CBF6-446E-B62D-C7908D4E8275}.Debug|Any CPU.Build.0 = Debug|Any CPU
		{29141874-CBF6-446E-B62D-C7908D4E8275}.Debug|x64.ActiveCfg = Debug|Any CPU
		{29141874-CBF6-446E-B62D-C7908D4E8275}.Debug|x64.Build.0 = Debug|Any CPU
		{29141874-CBF6-446E-B62D-C7908D4E8275}.Release|Any CPU.ActiveCfg = Release|Any CPU
		{29141874-CBF6-446E-B62D-C7908D4E8275}.Release|Any CPU.Build.0 = Release|Any CPU
		{29141874-CBF6-446E-B62D-C7908D4E8275}.Release|x64.ActiveCfg = Release|Any CPU
		{29141874-CBF6-446E-B62D-C7908D4E8275}.Release|x64.Build.0 = Release|Any CPU
		{6BBDAE51-D93F-41B9-B08E-13C6241BA0C3}.Debug|Any CPU.ActiveCfg = Debug|Any CPU
		{6BBDAE51-D93F-41B9-B08E-13C6241BA0C3}.Debug|Any CPU.Build.0 = Debug|Any CPU
		{6BBDAE51-D93F-41B9-B08E-13C6241BA0C3}.Debug|x64.ActiveCfg = Debug|Any CPU
		{6BBDAE51-D93F-41B9-B08E-13C6241BA0C3}.Debug|x64.Build.0 = Debug|Any CPU
		{6BBDAE51-D93F-41B9-B08E-13C6241BA0C3}.Release|Any CPU.ActiveCfg = Release|Any CPU
		{6BBDAE51-D93F-41B9-B08E-13C6241BA0C3}.Release|Any CPU.Build.0 = Release|Any CPU
		{6BBDAE51-D93F-41B9-B08E-13C6241BA0C3}.Release|x64.ActiveCfg = Release|Any CPU
		{6BBDAE51-D93F-41B9-B08E-13C6241BA0C3}.Release|x64.Build.0 = Release|Any CPU
		{7B1DF90B-D9C4-4FF5-A965-BA23FF31E24E}.Debug|Any CPU.ActiveCfg = Debug|Any CPU
		{7B1DF90B-D9C4-4FF5-A965-BA23FF31E24E}.Debug|Any CPU.Build.0 = Debug|Any CPU
		{7B1DF90B-D9C4-4FF5-A965-BA23FF31E24E}.Debug|x64.ActiveCfg = Debug|Any CPU
		{7B1DF90B-D9C4-4FF5-A965-BA23FF31E24E}.Debug|x64.Build.0 = Debug|Any CPU
		{7B1DF90B-D9C4-4FF5-A965-BA23FF31E24E}.Release|Any CPU.ActiveCfg = Release|Any CPU
		{7B1DF90B-D9C4-4FF5-A965-BA23FF31E24E}.Release|Any CPU.Build.0 = Release|Any CPU
		{7B1DF90B-D9C4-4FF5-A965-BA23FF31E24E}.Release|x64.ActiveCfg = Release|Any CPU
		{7B1DF90B-D9C4-4FF5-A965-BA23FF31E24E}.Release|x64.Build.0 = Release|Any CPU
		{A698B070-727B-4154-8706-32B2F45E0FF9}.Debug|Any CPU.ActiveCfg = Debug|Any CPU
		{A698B070-727B-4154-8706-32B2F45E0FF9}.Debug|Any CPU.Build.0 = Debug|Any CPU
		{A698B070-727B-4154-8706-32B2F45E0FF9}.Debug|x64.ActiveCfg = Debug|Any CPU
		{A698B070-727B-4154-8706-32B2F45E0FF9}.Debug|x64.Build.0 = Debug|Any CPU
		{A698B070-727B-4154-8706-32B2F45E0FF9}.Release|Any CPU.ActiveCfg = Release|Any CPU
		{A698B070-727B-4154-8706-32B2F45E0FF9}.Release|Any CPU.Build.0 = Release|Any CPU
		{A698B070-727B-4154-8706-32B2F45E0FF9}.Release|x64.ActiveCfg = Release|Any CPU
		{A698B070-727B-4154-8706-32B2F45E0FF9}.Release|x64.Build.0 = Release|Any CPU
		{88A37011-DD09-4AE7-81E4-A6066E00A0C3}.Debug|Any CPU.ActiveCfg = Debug|Any CPU
		{88A37011-DD09-4AE7-81E4-A6066E00A0C3}.Debug|Any CPU.Build.0 = Debug|Any CPU
		{88A37011-DD09-4AE7-81E4-A6066E00A0C3}.Debug|x64.ActiveCfg = Debug|Any CPU
		{88A37011-DD09-4AE7-81E4-A6066E00A0C3}.Debug|x64.Build.0 = Debug|Any CPU
		{88A37011-DD09-4AE7-81E4-A6066E00A0C3}.Release|Any CPU.ActiveCfg = Release|Any CPU
		{88A37011-DD09-4AE7-81E4-A6066E00A0C3}.Release|Any CPU.Build.0 = Release|Any CPU
		{88A37011-DD09-4AE7-81E4-A6066E00A0C3}.Release|x64.ActiveCfg = Release|Any CPU
		{88A37011-DD09-4AE7-81E4-A6066E00A0C3}.Release|x64.Build.0 = Release|Any CPU
		{D09A8D83-7406-4328-9953-BBCF0E5FFDA1}.Debug|Any CPU.ActiveCfg = Debug|Any CPU
		{D09A8D83-7406-4328-9953-BBCF0E5FFDA1}.Debug|Any CPU.Build.0 = Debug|Any CPU
		{D09A8D83-7406-4328-9953-BBCF0E5FFDA1}.Debug|x64.ActiveCfg = Debug|Any CPU
		{D09A8D83-7406-4328-9953-BBCF0E5FFDA1}.Debug|x64.Build.0 = Debug|Any CPU
		{D09A8D83-7406-4328-9953-BBCF0E5FFDA1}.Release|Any CPU.ActiveCfg = Release|Any CPU
		{D09A8D83-7406-4328-9953-BBCF0E5FFDA1}.Release|Any CPU.Build.0 = Release|Any CPU
		{D09A8D83-7406-4328-9953-BBCF0E5FFDA1}.Release|x64.ActiveCfg = Release|Any CPU
		{D09A8D83-7406-4328-9953-BBCF0E5FFDA1}.Release|x64.Build.0 = Release|Any CPU
		{B2759794-FDCD-4F6B-A24A-D2A35203EBD3}.Debug|Any CPU.ActiveCfg = Debug|Any CPU
		{B2759794-FDCD-4F6B-A24A-D2A35203EBD3}.Debug|Any CPU.Build.0 = Debug|Any CPU
		{B2759794-FDCD-4F6B-A24A-D2A35203EBD3}.Debug|x64.ActiveCfg = Debug|Any CPU
		{B2759794-FDCD-4F6B-A24A-D2A35203EBD3}.Debug|x64.Build.0 = Debug|Any CPU
		{B2759794-FDCD-4F6B-A24A-D2A35203EBD3}.Release|Any CPU.ActiveCfg = Release|Any CPU
		{B2759794-FDCD-4F6B-A24A-D2A35203EBD3}.Release|Any CPU.Build.0 = Release|Any CPU
		{B2759794-FDCD-4F6B-A24A-D2A35203EBD3}.Release|x64.ActiveCfg = Release|Any CPU
		{B2759794-FDCD-4F6B-A24A-D2A35203EBD3}.Release|x64.Build.0 = Release|Any CPU
		{2F74CAAE-49E3-4EEF-9BAD-C6B087AC3545}.Debug|Any CPU.ActiveCfg = Debug|Any CPU
		{2F74CAAE-49E3-4EEF-9BAD-C6B087AC3545}.Debug|Any CPU.Build.0 = Debug|Any CPU
		{2F74CAAE-49E3-4EEF-9BAD-C6B087AC3545}.Debug|x64.ActiveCfg = Debug|Any CPU
		{2F74CAAE-49E3-4EEF-9BAD-C6B087AC3545}.Debug|x64.Build.0 = Debug|Any CPU
		{2F74CAAE-49E3-4EEF-9BAD-C6B087AC3545}.Release|Any CPU.ActiveCfg = Release|Any CPU
		{2F74CAAE-49E3-4EEF-9BAD-C6B087AC3545}.Release|Any CPU.Build.0 = Release|Any CPU
		{2F74CAAE-49E3-4EEF-9BAD-C6B087AC3545}.Release|x64.ActiveCfg = Release|Any CPU
		{2F74CAAE-49E3-4EEF-9BAD-C6B087AC3545}.Release|x64.Build.0 = Release|Any CPU
		{E9551BCB-5788-4755-8901-CD579A524A4D}.Debug|Any CPU.ActiveCfg = Debug|Any CPU
		{E9551BCB-5788-4755-8901-CD579A524A4D}.Debug|Any CPU.Build.0 = Debug|Any CPU
		{E9551BCB-5788-4755-8901-CD579A524A4D}.Debug|x64.ActiveCfg = Debug|Any CPU
		{E9551BCB-5788-4755-8901-CD579A524A4D}.Debug|x64.Build.0 = Debug|Any CPU
		{E9551BCB-5788-4755-8901-CD579A524A4D}.Release|Any CPU.ActiveCfg = Release|Any CPU
		{E9551BCB-5788-4755-8901-CD579A524A4D}.Release|Any CPU.Build.0 = Release|Any CPU
		{E9551BCB-5788-4755-8901-CD579A524A4D}.Release|x64.ActiveCfg = Release|Any CPU
		{E9551BCB-5788-4755-8901-CD579A524A4D}.Release|x64.Build.0 = Release|Any CPU
		{A4020CA1-B975-437F-84A3-6FF46C195D4F}.Debug|Any CPU.ActiveCfg = Debug|Any CPU
		{A4020CA1-B975-437F-84A3-6FF46C195D4F}.Debug|Any CPU.Build.0 = Debug|Any CPU
		{A4020CA1-B975-437F-84A3-6FF46C195D4F}.Debug|x64.ActiveCfg = Debug|Any CPU
		{A4020CA1-B975-437F-84A3-6FF46C195D4F}.Debug|x64.Build.0 = Debug|Any CPU
		{A4020CA1-B975-437F-84A3-6FF46C195D4F}.Release|Any CPU.ActiveCfg = Release|Any CPU
		{A4020CA1-B975-437F-84A3-6FF46C195D4F}.Release|Any CPU.Build.0 = Release|Any CPU
		{A4020CA1-B975-437F-84A3-6FF46C195D4F}.Release|x64.ActiveCfg = Release|Any CPU
		{A4020CA1-B975-437F-84A3-6FF46C195D4F}.Release|x64.Build.0 = Release|Any CPU
		{01BDA7DA-4F55-4C68-B65B-A8753E1616E8}.Debug|Any CPU.ActiveCfg = Debug|Any CPU
		{01BDA7DA-4F55-4C68-B65B-A8753E1616E8}.Debug|Any CPU.Build.0 = Debug|Any CPU
		{01BDA7DA-4F55-4C68-B65B-A8753E1616E8}.Debug|x64.ActiveCfg = Debug|Any CPU
		{01BDA7DA-4F55-4C68-B65B-A8753E1616E8}.Debug|x64.Build.0 = Debug|Any CPU
		{01BDA7DA-4F55-4C68-B65B-A8753E1616E8}.Release|Any CPU.ActiveCfg = Release|Any CPU
		{01BDA7DA-4F55-4C68-B65B-A8753E1616E8}.Release|Any CPU.Build.0 = Release|Any CPU
		{01BDA7DA-4F55-4C68-B65B-A8753E1616E8}.Release|x64.ActiveCfg = Release|Any CPU
		{01BDA7DA-4F55-4C68-B65B-A8753E1616E8}.Release|x64.Build.0 = Release|Any CPU
		{C3D504F3-9ED5-408C-BDE6-E7BF472F8A95}.Debug|Any CPU.ActiveCfg = Debug|Any CPU
		{C3D504F3-9ED5-408C-BDE6-E7BF472F8A95}.Debug|Any CPU.Build.0 = Debug|Any CPU
		{C3D504F3-9ED5-408C-BDE6-E7BF472F8A95}.Debug|x64.ActiveCfg = Debug|Any CPU
		{C3D504F3-9ED5-408C-BDE6-E7BF472F8A95}.Debug|x64.Build.0 = Debug|Any CPU
		{C3D504F3-9ED5-408C-BDE6-E7BF472F8A95}.Release|Any CPU.ActiveCfg = Release|Any CPU
		{C3D504F3-9ED5-408C-BDE6-E7BF472F8A95}.Release|Any CPU.Build.0 = Release|Any CPU
		{C3D504F3-9ED5-408C-BDE6-E7BF472F8A95}.Release|x64.ActiveCfg = Release|Any CPU
		{C3D504F3-9ED5-408C-BDE6-E7BF472F8A95}.Release|x64.Build.0 = Release|Any CPU
		{FE2D76CB-1272-4BE2-AE15-31543CF7A958}.Debug|Any CPU.ActiveCfg = Debug|Any CPU
		{FE2D76CB-1272-4BE2-AE15-31543CF7A958}.Debug|Any CPU.Build.0 = Debug|Any CPU
		{FE2D76CB-1272-4BE2-AE15-31543CF7A958}.Debug|x64.ActiveCfg = Debug|Any CPU
		{FE2D76CB-1272-4BE2-AE15-31543CF7A958}.Debug|x64.Build.0 = Debug|Any CPU
		{FE2D76CB-1272-4BE2-AE15-31543CF7A958}.Release|Any CPU.ActiveCfg = Release|Any CPU
		{FE2D76CB-1272-4BE2-AE15-31543CF7A958}.Release|Any CPU.Build.0 = Release|Any CPU
		{FE2D76CB-1272-4BE2-AE15-31543CF7A958}.Release|x64.ActiveCfg = Release|Any CPU
		{FE2D76CB-1272-4BE2-AE15-31543CF7A958}.Release|x64.Build.0 = Release|Any CPU
		{44C84F23-37E3-4321-A45E-9FF8948F7FC8}.Debug|Any CPU.ActiveCfg = Debug|Any CPU
		{44C84F23-37E3-4321-A45E-9FF8948F7FC8}.Debug|Any CPU.Build.0 = Debug|Any CPU
		{44C84F23-37E3-4321-A45E-9FF8948F7FC8}.Debug|x64.ActiveCfg = Debug|Any CPU
		{44C84F23-37E3-4321-A45E-9FF8948F7FC8}.Debug|x64.Build.0 = Debug|Any CPU
		{44C84F23-37E3-4321-A45E-9FF8948F7FC8}.Release|Any CPU.ActiveCfg = Release|Any CPU
		{44C84F23-37E3-4321-A45E-9FF8948F7FC8}.Release|Any CPU.Build.0 = Release|Any CPU
		{44C84F23-37E3-4321-A45E-9FF8948F7FC8}.Release|x64.ActiveCfg = Release|Any CPU
		{44C84F23-37E3-4321-A45E-9FF8948F7FC8}.Release|x64.Build.0 = Release|Any CPU
		{C742074C-8D31-4507-AE4F-9161C3834F4C}.Debug|Any CPU.ActiveCfg = Debug|Any CPU
		{C742074C-8D31-4507-AE4F-9161C3834F4C}.Debug|Any CPU.Build.0 = Debug|Any CPU
		{C742074C-8D31-4507-AE4F-9161C3834F4C}.Debug|x64.ActiveCfg = Debug|Any CPU
		{C742074C-8D31-4507-AE4F-9161C3834F4C}.Debug|x64.Build.0 = Debug|Any CPU
		{C742074C-8D31-4507-AE4F-9161C3834F4C}.Release|Any CPU.ActiveCfg = Release|Any CPU
		{C742074C-8D31-4507-AE4F-9161C3834F4C}.Release|Any CPU.Build.0 = Release|Any CPU
		{C742074C-8D31-4507-AE4F-9161C3834F4C}.Release|x64.ActiveCfg = Release|Any CPU
		{C742074C-8D31-4507-AE4F-9161C3834F4C}.Release|x64.Build.0 = Release|Any CPU
	EndGlobalSection
	GlobalSection(SolutionProperties) = preSolution
		HideSolutionNode = FALSE
	EndGlobalSection
	GlobalSection(NestedProjects) = preSolution
		{3E2783D3-2802-4051-A711-A6593AF2AAD3} = {402B9B12-B187-47C3-9726-34B4931E77D7}
		{AD9E2A98-41C6-4AF3-B4F5-298405D88EA8} = {53FDC0C8-F43F-4957-89B7-D9D35D335936}
		{F6C0113D-0574-4FC5-BA03-E27A77B289BA} = {53FDC0C8-F43F-4957-89B7-D9D35D335936}
		{CC6B0055-C84C-425A-A351-15599429FAF3} = {53FDC0C8-F43F-4957-89B7-D9D35D335936}
		{A0CF8B25-EB2E-4EEC-96FD-7BD914CD496A} = {53FDC0C8-F43F-4957-89B7-D9D35D335936}
		{C9544B3C-5A30-450E-A018-CD5A68E0C2A4} = {53FDC0C8-F43F-4957-89B7-D9D35D335936}
		{29141874-CBF6-446E-B62D-C7908D4E8275} = {53FDC0C8-F43F-4957-89B7-D9D35D335936}
		{6BBDAE51-D93F-41B9-B08E-13C6241BA0C3} = {53FDC0C8-F43F-4957-89B7-D9D35D335936}
		{7B1DF90B-D9C4-4FF5-A965-BA23FF31E24E} = {53FDC0C8-F43F-4957-89B7-D9D35D335936}
		{A698B070-727B-4154-8706-32B2F45E0FF9} = {53FDC0C8-F43F-4957-89B7-D9D35D335936}
		{88A37011-DD09-4AE7-81E4-A6066E00A0C3} = {53FDC0C8-F43F-4957-89B7-D9D35D335936}
		{D09A8D83-7406-4328-9953-BBCF0E5FFDA1} = {53FDC0C8-F43F-4957-89B7-D9D35D335936}
		{B2759794-FDCD-4F6B-A24A-D2A35203EBD3} = {53FDC0C8-F43F-4957-89B7-D9D35D335936}
		{2F74CAAE-49E3-4EEF-9BAD-C6B087AC3545} = {53FDC0C8-F43F-4957-89B7-D9D35D335936}
		{A4020CA1-B975-437F-84A3-6FF46C195D4F} = {53FDC0C8-F43F-4957-89B7-D9D35D335936}
		{C3D504F3-9ED5-408C-BDE6-E7BF472F8A95} = {402B9B12-B187-47C3-9726-34B4931E77D7}
		{44C84F23-37E3-4321-A45E-9FF8948F7FC8} = {402B9B12-B187-47C3-9726-34B4931E77D7}
		{C742074C-8D31-4507-AE4F-9161C3834F4C} = {402B9B12-B187-47C3-9726-34B4931E77D7}
	EndGlobalSection
	GlobalSection(ExtensibilityGlobals) = postSolution
		SolutionGuid = {818A799C-6888-4D2C-8461-99079D87C15B}
	EndGlobalSection
EndGlobal
